
Microsoft Visual Studio Solution File, Format Version 12.00
# Visual Studio Version 17
VisualStudioVersion = 17.7.34024.191
MinimumVisualStudioVersion = 10.0.40219.1
Project("{9A19103F-16F7-4668-BE54-9A1E7A4F7556}") = "HogentVmPortal", "HogentVmPortal\HogentVmPortal.csproj", "{67CBE22D-C361-4A8A-97CF-9691CBF9F2D7}"
EndProject
Project("{9A19103F-16F7-4668-BE54-9A1E7A4F7556}") = "HogentVmPortal.Shared", "HogentVmPortal.Shared\HogentVmPortal.Shared.csproj", "{E3C03FB4-7C70-4845-851E-1425C26243B9}"
EndProject
Project("{9A19103F-16F7-4668-BE54-9A1E7A4F7556}") = "HogentVmPortal.RequestQueue.WebAPI", "HogentVmPortalWebAPI\HogentVmPortal.RequestQueue.WebAPI.csproj", "{595C97F2-CB36-48B8-9E97-F63F2D576757}"
EndProject
Project("{FAE04EC0-301F-11D3-BF4B-00C04F79EFBC}") = "HogentVmPortal.RequestQueue.VmHandler", "VmHandler\HogentVmPortal.RequestQueue.VmHandler.csproj", "{0FBA3D3D-DC22-4DDD-803E-9E303F9C95E9}"
EndProject
Global
	GlobalSection(SolutionConfigurationPlatforms) = preSolution
		Debug|Any CPU = Debug|Any CPU
		Release|Any CPU = Release|Any CPU
	EndGlobalSection
	GlobalSection(ProjectConfigurationPlatforms) = postSolution
		{67CBE22D-C361-4A8A-97CF-9691CBF9F2D7}.Debug|Any CPU.ActiveCfg = Debug|Any CPU
		{67CBE22D-C361-4A8A-97CF-9691CBF9F2D7}.Debug|Any CPU.Build.0 = Debug|Any CPU
		{67CBE22D-C361-4A8A-97CF-9691CBF9F2D7}.Release|Any CPU.ActiveCfg = Release|Any CPU
		{67CBE22D-C361-4A8A-97CF-9691CBF9F2D7}.Release|Any CPU.Build.0 = Release|Any CPU
		{E3C03FB4-7C70-4845-851E-1425C26243B9}.Debug|Any CPU.ActiveCfg = Debug|Any CPU
		{E3C03FB4-7C70-4845-851E-1425C26243B9}.Debug|Any CPU.Build.0 = Debug|Any CPU
		{E3C03FB4-7C70-4845-851E-1425C26243B9}.Release|Any CPU.ActiveCfg = Release|Any CPU
		{E3C03FB4-7C70-4845-851E-1425C26243B9}.Release|Any CPU.Build.0 = Release|Any CPU
		{595C97F2-CB36-48B8-9E97-F63F2D576757}.Debug|Any CPU.ActiveCfg = Debug|Any CPU
		{595C97F2-CB36-48B8-9E97-F63F2D576757}.Debug|Any CPU.Build.0 = Debug|Any CPU
		{595C97F2-CB36-48B8-9E97-F63F2D576757}.Release|Any CPU.ActiveCfg = Release|Any CPU
		{595C97F2-CB36-48B8-9E97-F63F2D576757}.Release|Any CPU.Build.0 = Release|Any CPU
		{0FBA3D3D-DC22-4DDD-803E-9E303F9C95E9}.Debug|Any CPU.ActiveCfg = Debug|Any CPU
		{0FBA3D3D-DC22-4DDD-803E-9E303F9C95E9}.Debug|Any CPU.Build.0 = Debug|Any CPU
		{0FBA3D3D-DC22-4DDD-803E-9E303F9C95E9}.Release|Any CPU.ActiveCfg = Release|Any CPU
		{0FBA3D3D-DC22-4DDD-803E-9E303F9C95E9}.Release|Any CPU.Build.0 = Release|Any CPU
	EndGlobalSection
	GlobalSection(SolutionProperties) = preSolution
		HideSolutionNode = FALSE
	EndGlobalSection
	GlobalSection(ExtensibilityGlobals) = postSolution
		SolutionGuid = {D6E8F594-CD4A-4122-86CB-8314E9B8CCB9}
	EndGlobalSection
EndGlobal
